{
  "nodes": {
    "nixpkgs-darwin": {
      "locked": {
        "lastModified": 1790464739,
        "narHash": "sha256-Qnka4V0EL+0pEWw1GyR3E+AcSdV6tDtXaDbOjioDGbY=",
        "owner": "NixOS",
        "repo": "nixpkgs",
        "rev": "6148957ce83ee7327e2ff9c3067b44a69f42d2de",
        "type": "github"
      },
      "original": {
        "owner": "NixOS",
        "ref": "nixpkgs-26.05-darwin",
        "repo": "nixpkgs",
        "type": "github"
      }
    },
    "nixpkgs-linux": {
      "locked": {
        "lastModified": 1790450978,
        "narHash": "sha256-/eLCD/X9kaWJqPR47+fDozEC87Hjmm3i8gJbYmDAD7g=",
        "owner": "NixOS",
        "repo": "nixpkgs",
        "rev": "5e2305d577ca00acbba631b05cb1094d172b29f3",
        "type": "github"
      },
      "original": {
        "owner": "NixOS",
        "ref": "nixos-26.05",
        "repo": "nixpkgs",
        "type": "github"
      }
    },
    "root": {
      "inputs": {
        "nixpkgs-darwin": "nixpkgs-darwin",
        "nixpkgs-linux": "nixpkgs-linux"
      }
    }
  },
  "root": "root",
  "version": 7
}
